
Microsoft Visual Studio Solution File, Format Version 12.00
# Visual Studio Version 17
VisualStudioVersion = 17.0.32014.148
MinimumVisualStudioVersion = 10.0.40219.1
Project("{FAE04EC0-301F-11D3-BF4B-00C04F79EFBC}") = "AsyncTryResult", "AsyncTryResult\AsyncTryResult.csproj", "{1F7C69D3-9F39-4F97-A81A-3410835F8738}"
EndProject
Global
	GlobalSection(SolutionConfigurationPlatforms) = preSolution
		Debug|Any CPU = Debug|Any CPU
		Release|Any CPU = Release|Any CPU
	EndGlobalSection
	GlobalSection(ProjectConfigurationPlatforms) = postSolution
		{1F7C69D3-9F39-4F97-A81A-3410835F8738}.Debug|Any CPU.ActiveCfg = Debug|Any CPU
		{1F7C69D3-9F39-4F97-A81A-3410835F8738}.Debug|Any CPU.Build.0 = Debug|Any CPU
		{1F7C69D3-9F39-4F97-A81A-3410835F8738}.Release|Any CPU.ActiveCfg = Release|Any CPU
		{1F7C69D3-9F39-4F97-A81A-3410835F8738}.Release|Any CPU.Build.0 = Release|Any CPU
	EndGlobalSection
	GlobalSection(SolutionProperties) = preSolution
		HideSolutionNode = FALSE
	EndGlobalSection
	GlobalSection(ExtensibilityGlobals) = postSolution
		SolutionGuid = {E36E5B2D-AAD6-43FD-822C-491269C69E78}
	EndGlobalSection
EndGlobal
